
Microsoft Visual Studio Solution File, Format Version 12.00
# Visual Studio Version 17
VisualStudioVersion = 17.5.002.0
MinimumVisualStudioVersion = 10.0.40219.1
Project("{2150E333-8FDC-42A3-9474-1A3956D46DE8}") = "src", "src", "{CC79806C-4CD9-4C65-9552-AE00532910D8}"
EndProject
Project("{FAE04EC0-301F-11D3-BF4B-00C04F79EFBC}") = "GitHubModels", "src\github-models\GitHubModels.csproj", "{A0915E6D-635E-4619-B148-781378355282}"
EndProject
Project("{FAE04EC0-301F-11D3-BF4B-00C04F79EFBC}") = "LocalModels", "src\local-models\LocalModels.csproj", "{1E4AD5F3-B80E-4545-B3CD-2F5D20218A3D}"
EndProject
Project("{FAE04EC0-301F-11D3-BF4B-00C04F79EFBC}") = "TensorSample", "src\tensors\TensorSample.csproj", "{2A7FA891-8D26-4AA9-AC63-828AA7CF8B01}"
EndProject
Project("{FAE04EC0-301F-11D3-BF4B-00C04F79EFBC}") = "TokenizerSample", "src\tokenizers\TokenizerSample.csproj", "{2C8ABBC2-DC3A-4C9B-B27F-C010C0002F6A}"
EndProject
Global
	GlobalSection(SolutionConfigurationPlatforms) = preSolution
		Debug|Any CPU = Debug|Any CPU
		Release|Any CPU = Release|Any CPU
	EndGlobalSection
	GlobalSection(ProjectConfigurationPlatforms) = postSolution
		{A0915E6D-635E-4619-B148-781378355282}.Debug|Any CPU.ActiveCfg = Debug|Any CPU
		{A0915E6D-635E-4619-B148-781378355282}.Debug|Any CPU.Build.0 = Debug|Any CPU
		{A0915E6D-635E-4619-B148-781378355282}.Release|Any CPU.ActiveCfg = Release|Any CPU
		{A0915E6D-635E-4619-B148-781378355282}.Release|Any CPU.Build.0 = Release|Any CPU
		{1E4AD5F3-B80E-4545-B3CD-2F5D20218A3D}.Debug|Any CPU.ActiveCfg = Debug|Any CPU
		{1E4AD5F3-B80E-4545-B3CD-2F5D20218A3D}.Debug|Any CPU.Build.0 = Debug|Any CPU
		{1E4AD5F3-B80E-4545-B3CD-2F5D20218A3D}.Release|Any CPU.ActiveCfg = Release|Any CPU
		{1E4AD5F3-B80E-4545-B3CD-2F5D20218A3D}.Release|Any CPU.Build.0 = Release|Any CPU
		{2A7FA891-8D26-4AA9-AC63-828AA7CF8B01}.Debug|Any CPU.ActiveCfg = Debug|Any CPU
		{2A7FA891-8D26-4AA9-AC63-828AA7CF8B01}.Debug|Any CPU.Build.0 = Debug|Any CPU
		{2A7FA891-8D26-4AA9-AC63-828AA7CF8B01}.Release|Any CPU.ActiveCfg = Release|Any CPU
		{2A7FA891-8D26-4AA9-AC63-828AA7CF8B01}.Release|Any CPU.Build.0 = Release|Any CPU
		{2C8ABBC2-DC3A-4C9B-B27F-C010C0002F6A}.Debug|Any CPU.ActiveCfg = Debug|Any CPU
		{2C8ABBC2-DC3A-4C9B-B27F-C010C0002F6A}.Debug|Any CPU.Build.0 = Debug|Any CPU
		{2C8ABBC2-DC3A-4C9B-B27F-C010C0002F6A}.Release|Any CPU.ActiveCfg = Release|Any CPU
		{2C8ABBC2-DC3A-4C9B-B27F-C010C0002F6A}.Release|Any CPU.Build.0 = Release|Any CPU
	EndGlobalSection
	GlobalSection(SolutionProperties) = preSolution
		HideSolutionNode = FALSE
	EndGlobalSection
	GlobalSection(NestedProjects) = preSolution
		{A0915E6D-635E-4619-B148-781378355282} = {CC79806C-4CD9-4C65-9552-AE00532910D8}
		{1E4AD5F3-B80E-4545-B3CD-2F5D20218A3D} = {CC79806C-4CD9-4C65-9552-AE00532910D8}
		{2A7FA891-8D26-4AA9-AC63-828AA7CF8B01} = {CC79806C-4CD9-4C65-9552-AE00532910D8}
		{2C8ABBC2-DC3A-4C9B-B27F-C010C0002F6A} = {CC79806C-4CD9-4C65-9552-AE00532910D8}
	EndGlobalSection
	GlobalSection(ExtensibilityGlobals) = postSolution
		SolutionGuid = {7F23B121-B7F6-4EDC-ACDC-72FA36D0B320}
	EndGlobalSection
EndGlobal
